
Microsoft Visual Studio Solution File, Format Version 12.00
# Visual Studio 15
VisualStudioVersion = 15.0.27130.2010
MinimumVisualStudioVersion = 10.0.40219.1
Project("{FAE04EC0-301F-11D3-BF4B-00C04F79EFBC}") = "CleanersAPI", "CleanersAPI\CleanersAPI.csproj", "{ABDF8D1C-E8B2-4B00-BF17-A9739A6B317E}"
EndProject
Global
	GlobalSection(SolutionConfigurationPlatforms) = preSolution
		Debug|Any CPU = Debug|Any CPU
		Release|Any CPU = Release|Any CPU
	EndGlobalSection
	GlobalSection(ProjectConfigurationPlatforms) = postSolution
		{ABDF8D1C-E8B2-4B00-BF17-A9739A6B317E}.Debug|Any CPU.ActiveCfg = Debug|Any CPU
		{ABDF8D1C-E8B2-4B00-BF17-A9739A6B317E}.Debug|Any CPU.Build.0 = Debug|Any CPU
		{ABDF8D1C-E8B2-4B00-BF17-A9739A6B317E}.Release|Any CPU.ActiveCfg = Release|Any CPU
		{ABDF8D1C-E8B2-4B00-BF17-A9739A6B317E}.Release|Any CPU.Build.0 = Release|Any CPU
	EndGlobalSection
	GlobalSection(SolutionProperties) = preSolution
		HideSolutionNode = FALSE
	EndGlobalSection
	GlobalSection(ExtensibilityGlobals) = postSolution
		SolutionGuid = {54EBE6B1-FC75-4956-B141-820FF8C993E2}
	EndGlobalSection
EndGlobal
